
Microsoft Visual Studio Solution File, Format Version 12.00
# Visual Studio 15
VisualStudioVersion = 15.0.28010.2026
MinimumVisualStudioVersion = 10.0.40219.1
Project("{9A19103F-16F7-4668-BE54-9A1E7A4F7556}") = "8Ranking", "8Ranking\8Ranking.csproj", "{7F2A0504-A643-45FE-B76A-073DB40D35D3}"
EndProject
Project("{9A19103F-16F7-4668-BE54-9A1E7A4F7556}") = "6Wardrobe", "6Wardrobe\6Wardrobe.csproj", "{6775DF5A-2ED5-4E45-82C9-B74DB817B884}"
EndProject
Project("{9A19103F-16F7-4668-BE54-9A1E7A4F7556}") = "5CountSymbols", "5CountSymbols\5CountSymbols.csproj", "{8044512E-5A97-41D9-A17D-576808F28193}"
EndProject
Project("{9A19103F-16F7-4668-BE54-9A1E7A4F7556}") = "1UniqueUsernames", "1UniqueUsernames\1UniqueUsernames.csproj", "{06A2DB4E-4A8A-47EA-B9D2-FCD359DF9440}"
EndProject
Project("{9A19103F-16F7-4668-BE54-9A1E7A4F7556}") = "2SetsOfElements", "2SetsOfElements\2SetsOfElements.csproj", "{D0876329-2445-4DA9-BF94-4D70FACC4A5F}"
EndProject
Project("{9A19103F-16F7-4668-BE54-9A1E7A4F7556}") = "3PeriodicTable", "3PeriodicTable\3PeriodicTable.csproj", "{E2D6E905-AC0E-4FC2-A9CE-72C972BA66FB}"
EndProject
Project("{9A19103F-16F7-4668-BE54-9A1E7A4F7556}") = "4EvenTimes", "4EvenTimes\4EvenTimes.csproj", "{52A2FE95-6CA4-4925-BA2F-4401909281F2}"
EndProject
Project("{9A19103F-16F7-4668-BE54-9A1E7A4F7556}") = "7TheVLogger", "7TheVLogger\7TheVLogger.csproj", "{EF084083-B6D6-4C31-9920-D264D41AD4A5}"
EndProject
Global
	GlobalSection(SolutionConfigurationPlatforms) = preSolution
		Debug|Any CPU = Debug|Any CPU
		Release|Any CPU = Release|Any CPU
	EndGlobalSection
	GlobalSection(ProjectConfigurationPlatforms) = postSolution
		{7F2A0504-A643-45FE-B76A-073DB40D35D3}.Debug|Any CPU.ActiveCfg = Debug|Any CPU
		{7F2A0504-A643-45FE-B76A-073DB40D35D3}.Debug|Any CPU.Build.0 = Debug|Any CPU
		{7F2A0504-A643-45FE-B76A-073DB40D35D3}.Release|Any CPU.ActiveCfg = Release|Any CPU
		{7F2A0504-A643-45FE-B76A-073DB40D35D3}.Release|Any CPU.Build.0 = Release|Any CPU
		{6775DF5A-2ED5-4E45-82C9-B74DB817B884}.Debug|Any CPU.ActiveCfg = Debug|Any CPU
		{6775DF5A-2ED5-4E45-82C9-B74DB817B884}.Debug|Any CPU.Build.0 = Debug|Any CPU
		{6775DF5A-2ED5-4E45-82C9-B74DB817B884}.Release|Any CPU.ActiveCfg = Release|Any CPU
		{6775DF5A-2ED5-4E45-82C9-B74DB817B884}.Release|Any CPU.Build.0 = Release|Any CPU
		{8044512E-5A97-41D9-A17D-576808F28193}.Debug|Any CPU.ActiveCfg = Debug|Any CPU
		{8044512E-5A97-41D9-A17D-576808F28193}.Debug|Any CPU.Build.0 = Debug|Any CPU
		{8044512E-5A97-41D9-A17D-576808F28193}.Release|Any CPU.ActiveCfg = Release|Any CPU
		{8044512E-5A97-41D9-A17D-576808F28193}.Release|Any CPU.Build.0 = Release|Any CPU
		{06A2DB4E-4A8A-47EA-B9D2-FCD359DF9440}.Debug|Any CPU.ActiveCfg = Debug|Any CPU
		{06A2DB4E-4A8A-47EA-B9D2-FCD359DF9440}.Debug|Any CPU.Build.0 = Debug|Any CPU
		{06A2DB4E-4A8A-47EA-B9D2-FCD359DF9440}.Release|Any CPU.ActiveCfg = Release|Any CPU
		{06A2DB4E-4A8A-47EA-B9D2-FCD359DF9440}.Release|Any CPU.Build.0 = Release|Any CPU
		{D0876329-2445-4DA9-BF94-4D70FACC4A5F}.Debug|Any CPU.ActiveCfg = Debug|Any CPU
		{D0876329-2445-4DA9-BF94-4D70FACC4A5F}.Debug|Any CPU.Build.0 = Debug|Any CPU
		{D0876329-2445-4DA9-BF94-4D70FACC4A5F}.Release|Any CPU.ActiveCfg = Release|Any CPU
		{D0876329-2445-4DA9-BF94-4D70FACC4A5F}.Release|Any CPU.Build.0 = Release|Any CPU
		{E2D6E905-AC0E-4FC2-A9CE-72C972BA66FB}.Debug|Any CPU.ActiveCfg = Debug|Any CPU
		{E2D6E905-AC0E-4FC2-A9CE-72C972BA66FB}.Debug|Any CPU.Build.0 = Debug|Any CPU
		{E2D6E905-AC0E-4FC2-A9CE-72C972BA66FB}.Release|Any CPU.ActiveCfg = Release|Any CPU
		{E2D6E905-AC0E-4FC2-A9CE-72C972BA66FB}.Release|Any CPU.Build.0 = Release|Any CPU
		{52A2FE95-6CA4-4925-BA2F-4401909281F2}.Debug|Any CPU.ActiveCfg = Debug|Any CPU
		{52A2FE95-6CA4-4925-BA2F-4401909281F2}.Debug|Any CPU.Build.0 = Debug|Any CPU
		{52A2FE95-6CA4-4925-BA2F-4401909281F2}.Release|Any CPU.ActiveCfg = Release|Any CPU
		{52A2FE95-6CA4-4925-BA2F-4401909281F2}.Release|Any CPU.Build.0 = Release|Any CPU
		{EF084083-B6D6-4C31-9920-D264D41AD4A5}.Debug|Any CPU.ActiveCfg = Debug|Any CPU
		{EF084083-B6D6-4C31-9920-D264D41AD4A5}.Debug|Any CPU.Build.0 = Debug|Any CPU
		{EF084083-B6D6-4C31-9920-D264D41AD4A5}.Release|Any CPU.ActiveCfg = Release|Any CPU
		{EF084083-B6D6-4C31-9920-D264D41AD4A5}.Release|Any CPU.Build.0 = Release|Any CPU
	EndGlobalSection
	GlobalSection(SolutionProperties) = preSolution
		HideSolutionNode = FALSE
	EndGlobalSection
	GlobalSection(ExtensibilityGlobals) = postSolution
		SolutionGuid = {D50CEBBB-B1E4-4AFD-98EE-BDA24B3C07F2}
	EndGlobalSection
EndGlobal
