
Microsoft Visual Studio Solution File, Format Version 12.00
# Visual Studio 15
VisualStudioVersion = 15.0.28010.2026
MinimumVisualStudioVersion = 10.0.40219.1
Project("{FAE04EC0-301F-11D3-BF4B-00C04F79EFBC}") = "1Crossroads", "1Crossroads\1Crossroads.csproj", "{42D836B1-A7E8-4AE8-BD8C-9E0F9B11F0F0}"
EndProject
Project("{FAE04EC0-301F-11D3-BF4B-00C04F79EFBC}") = "2KnightGame", "2KnightGame\2KnightGame.csproj", "{D7385EA1-2E25-4C45-8CE0-C88CDFCB3A40}"
EndProject
Project("{FAE04EC0-301F-11D3-BF4B-00C04F79EFBC}") = "3TicketTrouble", "3TicketTrouble\3TicketTrouble.csproj", "{2EA287B7-B5BF-4DFE-B0DD-EFCED1A6DFE1}"
EndProject
Project("{FAE04EC0-301F-11D3-BF4B-00C04F79EFBC}") = "4MovieTime", "4MovieTime\4MovieTime.csproj", "{C186317B-FF19-4170-A011-D5E45C6751DB}"
EndProject
Project("{FAE04EC0-301F-11D3-BF4B-00C04F79EFBC}") = "1CrossroadsMySolution", "1CrossroadsMySolution\1CrossroadsMySolution.csproj", "{73641C55-F89F-42AF-A2CE-E99C5B63F431}"
EndProject
Global
	GlobalSection(SolutionConfigurationPlatforms) = preSolution
		Debug|Any CPU = Debug|Any CPU
		Release|Any CPU = Release|Any CPU
	EndGlobalSection
	GlobalSection(ProjectConfigurationPlatforms) = postSolution
		{42D836B1-A7E8-4AE8-BD8C-9E0F9B11F0F0}.Debug|Any CPU.ActiveCfg = Debug|Any CPU
		{42D836B1-A7E8-4AE8-BD8C-9E0F9B11F0F0}.Debug|Any CPU.Build.0 = Debug|Any CPU
		{42D836B1-A7E8-4AE8-BD8C-9E0F9B11F0F0}.Release|Any CPU.ActiveCfg = Release|Any CPU
		{42D836B1-A7E8-4AE8-BD8C-9E0F9B11F0F0}.Release|Any CPU.Build.0 = Release|Any CPU
		{D7385EA1-2E25-4C45-8CE0-C88CDFCB3A40}.Debug|Any CPU.ActiveCfg = Debug|Any CPU
		{D7385EA1-2E25-4C45-8CE0-C88CDFCB3A40}.Debug|Any CPU.Build.0 = Debug|Any CPU
		{D7385EA1-2E25-4C45-8CE0-C88CDFCB3A40}.Release|Any CPU.ActiveCfg = Release|Any CPU
		{D7385EA1-2E25-4C45-8CE0-C88CDFCB3A40}.Release|Any CPU.Build.0 = Release|Any CPU
		{2EA287B7-B5BF-4DFE-B0DD-EFCED1A6DFE1}.Debug|Any CPU.ActiveCfg = Debug|Any CPU
		{2EA287B7-B5BF-4DFE-B0DD-EFCED1A6DFE1}.Debug|Any CPU.Build.0 = Debug|Any CPU
		{2EA287B7-B5BF-4DFE-B0DD-EFCED1A6DFE1}.Release|Any CPU.ActiveCfg = Release|Any CPU
		{2EA287B7-B5BF-4DFE-B0DD-EFCED1A6DFE1}.Release|Any CPU.Build.0 = Release|Any CPU
		{C186317B-FF19-4170-A011-D5E45C6751DB}.Debug|Any CPU.ActiveCfg = Debug|Any CPU
		{C186317B-FF19-4170-A011-D5E45C6751DB}.Debug|Any CPU.Build.0 = Debug|Any CPU
		{C186317B-FF19-4170-A011-D5E45C6751DB}.Release|Any CPU.ActiveCfg = Release|Any CPU
		{C186317B-FF19-4170-A011-D5E45C6751DB}.Release|Any CPU.Build.0 = Release|Any CPU
		{73641C55-F89F-42AF-A2CE-E99C5B63F431}.Debug|Any CPU.ActiveCfg = Debug|Any CPU
		{73641C55-F89F-42AF-A2CE-E99C5B63F431}.Debug|Any CPU.Build.0 = Debug|Any CPU
		{73641C55-F89F-42AF-A2CE-E99C5B63F431}.Release|Any CPU.ActiveCfg = Release|Any CPU
		{73641C55-F89F-42AF-A2CE-E99C5B63F431}.Release|Any CPU.Build.0 = Release|Any CPU
	EndGlobalSection
	GlobalSection(SolutionProperties) = preSolution
		HideSolutionNode = FALSE
	EndGlobalSection
	GlobalSection(ExtensibilityGlobals) = postSolution
		SolutionGuid = {5EFA7B0C-DE91-4306-BF45-9BF811157110}
	EndGlobalSection
EndGlobal
